
Microsoft Visual Studio Solution File, Format Version 12.00
# Visual Studio Version 17
VisualStudioVersion = 17.4.33213.308
MinimumVisualStudioVersion = 10.0.40219.1
Project("{8BC9CEB8-8B4A-11D0-8D11-00A0C91BC942}") = "linked-list-assignment", "linked-list-assignment\linked-list-assignment.vcxproj", "{BEB4DFD4-4AD2-4F10-8BD8-9B5E17355962}"
EndProject
Global
	GlobalSection(SolutionConfigurationPlatforms) = preSolution
		Debug|x64 = Debug|x64
		Debug|x86 = Debug|x86
		Release|x64 = Release|x64
		Release|x86 = Release|x86
	EndGlobalSection
	GlobalSection(ProjectConfigurationPlatforms) = postSolution
		{BEB4DFD4-4AD2-4F10-8BD8-9B5E17355962}.Debug|x64.ActiveCfg = Debug|x64
		{BEB4DFD4-4AD2-4F10-8BD8-9B5E17355962}.Debug|x64.Build.0 = Debug|x64
		{BEB4DFD4-4AD2-4F10-8BD8-9B5E17355962}.Debug|x86.ActiveCfg = Debug|Win32
		{BEB4DFD4-4AD2-4F10-8BD8-9B5E17355962}.Debug|x86.Build.0 = Debug|Win32
		{BEB4DFD4-4AD2-4F10-8BD8-9B5E17355962}.Release|x64.ActiveCfg = Release|x64
		{BEB4DFD4-4AD2-4F10-8BD8-9B5E17355962}.Release|x64.Build.0 = Release|x64
		{BEB4DFD4-4AD2-4F10-8BD8-9B5E17355962}.Release|x86.ActiveCfg = Release|Win32
		{BEB4DFD4-4AD2-4F10-8BD8-9B5E17355962}.Release|x86.Build.0 = Release|Win32
	EndGlobalSection
	GlobalSection(SolutionProperties) = preSolution
		HideSolutionNode = FALSE
	EndGlobalSection
	GlobalSection(ExtensibilityGlobals) = postSolution
		SolutionGuid = {0DB7123F-7CFE-4F6A-A9BB-9248FBE5BD5E}
	EndGlobalSection
EndGlobal
